
Microsoft Visual Studio Solution File, Format Version 12.00
# Visual Studio 14
VisualStudioVersion = 14.0.25420.1
MinimumVisualStudioVersion = 10.0.40219.1
Project("{FAE04EC0-301F-11D3-BF4B-00C04F79EFBC}") = "Guido", "Guido\Guido.csproj", "{F6BCACBE-805D-49F8-B06B-388E45D8D6D2}"
EndProject
Project("{FAE04EC0-301F-11D3-BF4B-00C04F79EFBC}") = "GuidoTest", "GuidoTest\GuidoTest.csproj", "{DEE5A541-95BF-4058-BA1F-64484B58E00F}"
EndProject
Global
	GlobalSection(SolutionConfigurationPlatforms) = preSolution
		Debug|Any CPU = Debug|Any CPU
		Release|Any CPU = Release|Any CPU
	EndGlobalSection
	GlobalSection(ProjectConfigurationPlatforms) = postSolution
		{F6BCACBE-805D-49F8-B06B-388E45D8D6D2}.Debug|Any CPU.ActiveCfg = Debug|Any CPU
		{F6BCACBE-805D-49F8-B06B-388E45D8D6D2}.Debug|Any CPU.Build.0 = Debug|Any CPU
		{F6BCACBE-805D-49F8-B06B-388E45D8D6D2}.Release|Any CPU.ActiveCfg = Release|Any CPU
		{F6BCACBE-805D-49F8-B06B-388E45D8D6D2}.Release|Any CPU.Build.0 = Release|Any CPU
		{DEE5A541-95BF-4058-BA1F-64484B58E00F}.Debug|Any CPU.ActiveCfg = Debug|Any CPU
		{DEE5A541-95BF-4058-BA1F-64484B58E00F}.Debug|Any CPU.Build.0 = Debug|Any CPU
		{DEE5A541-95BF-4058-BA1F-64484B58E00F}.Release|Any CPU.ActiveCfg = Release|Any CPU
		{DEE5A541-95BF-4058-BA1F-64484B58E00F}.Release|Any CPU.Build.0 = Release|Any CPU
	EndGlobalSection
	GlobalSection(SolutionProperties) = preSolution
		HideSolutionNode = FALSE
	EndGlobalSection
EndGlobal
